// !$*UTF8*$!
{
	archiveVersion = 1;
	classes = {
	};
	objectVersion = 48;
	objects = {

/* Begin PBXBuildFile section */
		3E15415C68D852DE772FAFE9 /* Pods_DBSwift.framework in Frameworks */ = {isa = PBXBuildFile; fileRef = 2FDD607C553EA21F56BEFC23 /* Pods_DBSwift.framework */; };
		6F055154200E093A0077099E /* PageContentView.swift in Sources */ = {isa = PBXBuildFile; fileRef = 6F055153200E093A0077099E /* PageContentView.swift */; };
		6F055156200E0C380077099E /* UIColor-Extensions.swift in Sources */ = {isa = PBXBuildFile; fileRef = 6F055155200E0C380077099E /* UIColor-Extensions.swift */; };
		6F29B5012003C78600B64D45 /* AppDelegate.swift in Sources */ = {isa = PBXBuildFile; fileRef = 6F29B5002003C78600B64D45 /* AppDelegate.swift */; };
		6F29B5062003C78600B64D45 /* Main.storyboard in Resources */ = {isa = PBXBuildFile; fileRef = 6F29B5042003C78600B64D45 /* Main.storyboard */; };
		6F29B5082003C78600B64D45 /* Assets.xcassets in Resources */ = {isa = PBXBuildFile; fileRef = 6F29B5072003C78600B64D45 /* Assets.xcassets */; };
		6F29B50B2003C78700B64D45 /* LaunchScreen.storyboard in Resources */ = {isa = PBXBuildFile; fileRef = 6F29B5092003C78700B64D45 /* LaunchScreen.storyboard */; };
		6F29B5162003C78700B64D45 /* DBSwiftTests.swift in Sources */ = {isa = PBXBuildFile; fileRef = 6F29B5152003C78700B64D45 /* DBSwiftTests.swift */; };
		6F29B5212003C78700B64D45 /* DBSwiftUITests.swift in Sources */ = {isa = PBXBuildFile; fileRef = 6F29B5202003C78700B64D45 /* DBSwiftUITests.swift */; };
		6F29B5372003D67E00B64D45 /* Home.storyboard in Resources */ = {isa = PBXBuildFile; fileRef = 6F29B5352003D67E00B64D45 /* Home.storyboard */; };
		6F29B53A2003D6E900B64D45 /* Live.storyboard in Resources */ = {isa = PBXBuildFile; fileRef = 6F29B5382003D6E900B64D45 /* Live.storyboard */; };
		6F29B53D2003D71A00B64D45 /* Follow.storyboard in Resources */ = {isa = PBXBuildFile; fileRef = 6F29B53B2003D71A00B64D45 /* Follow.storyboard */; };
		6F29B5402003D74200B64D45 /* Profile.storyboard in Resources */ = {isa = PBXBuildFile; fileRef = 6F29B53E2003D74200B64D45 /* Profile.storyboard */; };
		6F9DB3C32011DDDB00B8055D /* RecommendCycleView.swift in Sources */ = {isa = PBXBuildFile; fileRef = 6F9DB3C22011DDDB00B8055D /* RecommendCycleView.swift */; };
		6F9DB3C72011DE7700B8055D /* RecommendCycleView.xib in Resources */ = {isa = PBXBuildFile; fileRef = 6F9DB3C62011DE7700B8055D /* RecommendCycleView.xib */; };
		6F9DB3C92011E93A00B8055D /* CycleModel.swift in Sources */ = {isa = PBXBuildFile; fileRef = 6F9DB3C82011E93A00B8055D /* CycleModel.swift */; };
		6F9DB3CC2011EF1600B8055D /* CollectionCycleCell.swift in Sources */ = {isa = PBXBuildFile; fileRef = 6F9DB3CA2011EF1600B8055D /* CollectionCycleCell.swift */; };
		6F9DB3CD2011EF1600B8055D /* CollectionCycleCell.xib in Resources */ = {isa = PBXBuildFile; fileRef = 6F9DB3CB2011EF1600B8055D /* CollectionCycleCell.xib */; };
		6F9DB3CF2012034100B8055D /* RecommendGameView.swift in Sources */ = {isa = PBXBuildFile; fileRef = 6F9DB3CE2012034100B8055D /* RecommendGameView.swift */; };
		6F9DB3D12012034F00B8055D /* RecommendGameView.xib in Resources */ = {isa = PBXBuildFile; fileRef = 6F9DB3D02012034F00B8055D /* RecommendGameView.xib */; };
		6F9DB3D4201206B000B8055D /* CollectionGameCell.swift in Sources */ = {isa = PBXBuildFile; fileRef = 6F9DB3D2201206B000B8055D /* CollectionGameCell.swift */; };
		6F9DB3D5201206B000B8055D /* CollectionGameCell.xib in Resources */ = {isa = PBXBuildFile; fileRef = 6F9DB3D3201206B000B8055D /* CollectionGameCell.xib */; };
		6FB6D1C32010F4270069CCC8 /* NetworkTools.swift in Sources */ = {isa = PBXBuildFile; fileRef = 6FB6D1C22010F4270069CCC8 /* NetworkTools.swift */; };
		6FB6D1C82010F9550069CCC8 /* RecommendViewModel.swift in Sources */ = {isa = PBXBuildFile; fileRef = 6FB6D1C72010F9550069CCC8 /* RecommendViewModel.swift */; };
		6FB6D1CA201100C80069CCC8 /* NSDate-Extensions.swift in Sources */ = {isa = PBXBuildFile; fileRef = 6FB6D1C9201100C80069CCC8 /* NSDate-Extensions.swift */; };
		6FB6D1CC201108680069CCC8 /* AnchorGroup.swift in Sources */ = {isa = PBXBuildFile; fileRef = 6FB6D1CB201108680069CCC8 /* AnchorGroup.swift */; };
		6FB6D1CE201108B20069CCC8 /* BaseGameModel.swift in Sources */ = {isa = PBXBuildFile; fileRef = 6FB6D1CD201108B20069CCC8 /* BaseGameModel.swift */; };
		6FB6D1D0201108C80069CCC8 /* AnchorModel.swift in Sources */ = {isa = PBXBuildFile; fileRef = 6FB6D1CF201108C80069CCC8 /* AnchorModel.swift */; };
		6FBE327C2010868900B90129 /* RecommendViewController.swift in Sources */ = {isa = PBXBuildFile; fileRef = 6FBE327B2010868900B90129 /* RecommendViewController.swift */; };
		6FBE327F2010956500B90129 /* CollectionHeaderView.swift in Sources */ = {isa = PBXBuildFile; fileRef = 6FBE327D2010956500B90129 /* CollectionHeaderView.swift */; };
		6FBE32802010956500B90129 /* CollectionHeaderView.xib in Resources */ = {isa = PBXBuildFile; fileRef = 6FBE327E2010956500B90129 /* CollectionHeaderView.xib */; };
		6FBE32832010993300B90129 /* CollectionNormalCell.swift in Sources */ = {isa = PBXBuildFile; fileRef = 6FBE32812010993300B90129 /* CollectionNormalCell.swift */; };
		6FBE32842010993300B90129 /* CollectionNormalCell.xib in Resources */ = {isa = PBXBuildFile; fileRef = 6FBE32822010993300B90129 /* CollectionNormalCell.xib */; };
		6FEDB1DC200D9C8900823566 /* HomeViewController.swift in Sources */ = {isa = PBXBuildFile; fileRef = 6FEDB1DB200D9C8900823566 /* HomeViewController.swift */; };
		6FEDB1DF200DA2CE00823566 /* UIBarButtonItem-Extension.swift in Sources */ = {isa = PBXBuildFile; fileRef = 6FEDB1DE200DA2CD00823566 /* UIBarButtonItem-Extension.swift */; };
		6FEDB1E4200DACA600823566 /* PageTitleView.swift in Sources */ = {isa = PBXBuildFile; fileRef = 6FEDB1E3200DACA600823566 /* PageTitleView.swift */; };
		6FEDB1E6200DB02000823566 /* Common.swift in Sources */ = {isa = PBXBuildFile; fileRef = 6FEDB1E5200DB02000823566 /* Common.swift */; };
		6FF2537F2010DA6800BEAB97 /* CollectionPrettyCell.swift in Sources */ = {isa = PBXBuildFile; fileRef = 6FF2537D2010DA6800BEAB97 /* CollectionPrettyCell.swift */; };
		6FF253802010DA6800BEAB97 /* CollectionPrettyCell.xib in Resources */ = {isa = PBXBuildFile; fileRef = 6FF2537E2010DA6800BEAB97 /* CollectionPrettyCell.xib */; };
/* End PBXBuildFile section */

/* Begin PBXContainerItemProxy section */
		6F29B5122003C78700B64D45 /* PBXContainerItemProxy */ = {
			isa = PBXContainerItemProxy;
			containerPortal = 6F29B4F52003C78600B64D45 /* Project object */;
			proxyType = 1;
			remoteGlobalIDString = 6F29B4FC2003C78600B64D45;
			remoteInfo = DBSwift;
		};
		6F29B51D2003C78700B64D45 /* PBXContainerItemProxy */ = {
			isa = PBXContainerItemProxy;
			containerPortal = 6F29B4F52003C78600B64D45 /* Project object */;
			proxyType = 1;
			remoteGlobalIDString = 6F29B4FC2003C78600B64D45;
			remoteInfo = DBSwift;
		};
/* End PBXContainerItemProxy section */

/* Begin PBXFileReference section */
		2FDD607C553EA21F56BEFC23 /* Pods_DBSwift.framework */ = {isa = PBXFileReference; explicitFileType = wrapper.framework; includeInIndex = 0; path = Pods_DBSwift.framework; sourceTree = BUILT_PRODUCTS_DIR; };
		6F055153200E093A0077099E /* PageContentView.swift */ = {isa = PBXFileReference; lastKnownFileType = sourcecode.swift; path = PageContentView.swift; sourceTree = "<group>"; };
		6F055155200E0C380077099E /* UIColor-Extensions.swift */ = {isa = PBXFileReference; lastKnownFileType = sourcecode.swift; path = "UIColor-Extensions.swift"; sourceTree = "<group>"; };
		6F29B4FD2003C78600B64D45 /* DBSwift.app */ = {isa = PBXFileReference; explicitFileType = wrapper.application; includeInIndex = 0; path = DBSwift.app; sourceTree = BUILT_PRODUCTS_DIR; };
		6F29B5002003C78600B64D45 /* AppDelegate.swift */ = {isa = PBXFileReference; lastKnownFileType = sourcecode.swift; path = AppDelegate.swift; sourceTree = "<group>"; };
		6F29B5052003C78600B64D45 /* Base */ = {isa = PBXFileReference; lastKnownFileType = file.storyboard; name = Base; path = Base.lproj/Main.storyboard; sourceTree = "<group>"; };
		6F29B5072003C78600B64D45 /* Assets.xcassets */ = {isa = PBXFileReference; lastKnownFileType = folder.assetcatalog; path = Assets.xcassets; sourceTree = "<group>"; };
		6F29B50A2003C78700B64D45 /* Base */ = {isa = PBXFileReference; lastKnownFileType = file.storyboard; name = Base; path = Base.lproj/LaunchScreen.storyboard; sourceTree = "<group>"; };
		6F29B50C2003C78700B64D45 /* Info.plist */ = {isa = PBXFileReference; lastKnownFileType = text.plist.xml; path = Info.plist; sourceTree = "<group>"; };
		6F29B5112003C78700B64D45 /* DBSwiftTests.xctest */ = {isa = PBXFileReference; explicitFileType = wrapper.cfbundle; includeInIndex = 0; path = DBSwiftTests.xctest; sourceTree = BUILT_PRODUCTS_DIR; };
		6F29B5152003C78700B64D45 /* DBSwiftTests.swift */ = {isa = PBXFileReference; lastKnownFileType = sourcecode.swift; path = DBSwiftTests.swift; sourceTree = "<group>"; };
		6F29B5172003C78700B64D45 /* Info.plist */ = {isa = PBXFileReference; lastKnownFileType = text.plist.xml; path = Info.plist; sourceTree = "<group>"; };
		6F29B51C2003C78700B64D45 /* DBSwiftUITests.xctest */ = {isa = PBXFileReference; explicitFileType = wrapper.cfbundle; includeInIndex = 0; path = DBSwiftUITests.xctest; sourceTree = BUILT_PRODUCTS_DIR; };
		6F29B5202003C78700B64D45 /* DBSwiftUITests.swift */ = {isa = PBXFileReference; lastKnownFileType = sourcecode.swift; path = DBSwiftUITests.swift; sourceTree = "<group>"; };
		6F29B5222003C78700B64D45 /* Info.plist */ = {isa = PBXFileReference; lastKnownFileType = text.plist.xml; path = Info.plist; sourceTree = "<group>"; };
		6F29B5362003D67E00B64D45 /* Base */ = {isa = PBXFileReference; lastKnownFileType = file.storyboard; name = Base; path = DBSwift/Classes/Main/Base.lproj/Home.storyboard; sourceTree = "<group>"; };
		6F29B5392003D6E900B64D45 /* Base */ = {isa = PBXFileReference; lastKnownFileType = file.storyboard; name = Base; path = DBSwift/Classes/Main/Base.lproj/Live.storyboard; sourceTree = "<group>"; };
		6F29B53C2003D71A00B64D45 /* Base */ = {isa = PBXFileReference; lastKnownFileType = file.storyboard; name = Base; path = DBSwift/Classes/Main/Base.lproj/Follow.storyboard; sourceTree = "<group>"; };
		6F29B53F2003D74200B64D45 /* Base */ = {isa = PBXFileReference; lastKnownFileType = file.storyboard; name = Base; path = DBSwift/Classes/Main/Base.lproj/Profile.storyboard; sourceTree = "<group>"; };
		6F9DB3C22011DDDB00B8055D /* RecommendCycleView.swift */ = {isa = PBXFileReference; lastKnownFileType = sourcecode.swift; path = RecommendCycleView.swift; sourceTree = "<group>"; };
		6F9DB3C62011DE7700B8055D /* RecommendCycleView.xib */ = {isa = PBXFileReference; lastKnownFileType = file.xib; path = RecommendCycleView.xib; sourceTree = "<group>"; };
		6F9DB3C82011E93A00B8055D /* CycleModel.swift */ = {isa = PBXFileReference; lastKnownFileType = sourcecode.swift; path = CycleModel.swift; sourceTree = "<group>"; };
		6F9DB3CA2011EF1600B8055D /* CollectionCycleCell.swift */ = {isa = PBXFileReference; lastKnownFileType = sourcecode.swift; path = CollectionCycleCell.swift; sourceTree = "<group>"; };
		6F9DB3CB2011EF1600B8055D /* CollectionCycleCell.xib */ = {isa = PBXFileReference; lastKnownFileType = file.xib; path = CollectionCycleCell.xib; sourceTree = "<group>"; };
		6F9DB3CE2012034100B8055D /* RecommendGameView.swift */ = {isa = PBXFileReference; lastKnownFileType = sourcecode.swift; path = RecommendGameView.swift; sourceTree = "<group>"; };
		6F9DB3D02012034F00B8055D /* RecommendGameView.xib */ = {isa = PBXFileReference; lastKnownFileType = file.xib; path = RecommendGameView.xib; sourceTree = "<group>"; };
		6F9DB3D2201206B000B8055D /* CollectionGameCell.swift */ = {isa = PBXFileReference; lastKnownFileType = sourcecode.swift; path = CollectionGameCell.swift; sourceTree = "<group>"; };
		6F9DB3D3201206B000B8055D /* CollectionGameCell.xib */ = {isa = PBXFileReference; lastKnownFileType = file.xib; path = CollectionGameCell.xib; sourceTree = "<group>"; };
		6FB6D1C22010F4270069CCC8 /* NetworkTools.swift */ = {isa = PBXFileReference; lastKnownFileType = sourcecode.swift; path = NetworkTools.swift; sourceTree = "<group>"; };
		6FB6D1C72010F9550069CCC8 /* RecommendViewModel.swift */ = {isa = PBXFileReference; lastKnownFileType = sourcecode.swift; path = RecommendViewModel.swift; sourceTree = "<group>"; };
		6FB6D1C9201100C80069CCC8 /* NSDate-Extensions.swift */ = {isa = PBXFileReference; lastKnownFileType = sourcecode.swift; path = "NSDate-Extensions.swift"; sourceTree = "<group>"; };
		6FB6D1CB201108680069CCC8 /* AnchorGroup.swift */ = {isa = PBXFileReference; lastKnownFileType = sourcecode.swift; path = AnchorGroup.swift; sourceTree = "<group>"; };
		6FB6D1CD201108B20069CCC8 /* BaseGameModel.swift */ = {isa = PBXFileReference; lastKnownFileType = sourcecode.swift; path = BaseGameModel.swift; sourceTree = "<group>"; };
		6FB6D1CF201108C80069CCC8 /* AnchorModel.swift */ = {isa = PBXFileReference; lastKnownFileType = sourcecode.swift; path = AnchorModel.swift; sourceTree = "<group>"; };
		6FBE327B2010868900B90129 /* RecommendViewController.swift */ = {isa = PBXFileReference; lastKnownFileType = sourcecode.swift; path = RecommendViewController.swift; sourceTree = "<group>"; };
		6FBE327D2010956500B90129 /* CollectionHeaderView.swift */ = {isa = PBXFileReference; lastKnownFileType = sourcecode.swift; path = CollectionHeaderView.swift; sourceTree = "<group>"; };
		6FBE327E2010956500B90129 /* CollectionHeaderView.xib */ = {isa = PBXFileReference; lastKnownFileType = file.xib; path = CollectionHeaderView.xib; sourceTree = "<group>"; };
		6FBE32812010993300B90129 /* CollectionNormalCell.swift */ = {isa = PBXFileReference; lastKnownFileType = sourcecode.swift; path = CollectionNormalCell.swift; sourceTree = "<group>"; };
		6FBE32822010993300B90129 /* CollectionNormalCell.xib */ = {isa = PBXFileReference; lastKnownFileType = file.xib; path = CollectionNormalCell.xib; sourceTree = "<group>"; };
		6FEDB1DB200D9C8900823566 /* HomeViewController.swift */ = {isa = PBXFileReference; lastKnownFileType = sourcecode.swift; path = HomeViewController.swift; sourceTree = "<group>"; };
		6FEDB1DE200DA2CD00823566 /* UIBarButtonItem-Extension.swift */ = {isa = PBXFileReference; lastKnownFileType = sourcecode.swift; path = "UIBarButtonItem-Extension.swift"; sourceTree = "<group>"; };
		6FEDB1E3200DACA600823566 /* PageTitleView.swift */ = {isa = PBXFileReference; lastKnownFileType = sourcecode.swift; path = PageTitleView.swift; sourceTree = "<group>"; };
		6FEDB1E5200DB02000823566 /* Common.swift */ = {isa = PBXFileReference; lastKnownFileType = sourcecode.swift; path = Common.swift; sourceTree = "<group>"; };
		6FF2537D2010DA6800BEAB97 /* CollectionPrettyCell.swift */ = {isa = PBXFileReference; lastKnownFileType = sourcecode.swift; path = CollectionPrettyCell.swift; sourceTree = "<group>"; };
		6FF2537E2010DA6800BEAB97 /* CollectionPrettyCell.xib */ = {isa = PBXFileReference; lastKnownFileType = file.xib; path = CollectionPrettyCell.xib; sourceTree = "<group>"; };
		CBA3E21ECBD6D33538765BEC /* Pods-DBSwift.release.xcconfig */ = {isa = PBXFileReference; includeInIndex = 1; lastKnownFileType = text.xcconfig; name = "Pods-DBSwift.release.xcconfig"; path = "Pods/Target Support Files/Pods-DBSwift/Pods-DBSwift.release.xcconfig"; sourceTree = "<group>"; };
		E524BAF0527E33E3F584EDEB /* Pods-DBSwift.debug.xcconfig */ = {isa = PBXFileReference; includeInIndex = 1; lastKnownFileType = text.xcconfig; name = "Pods-DBSwift.debug.xcconfig"; path = "Pods/Target Support Files/Pods-DBSwift/Pods-DBSwift.debug.xcconfig"; sourceTree = "<group>"; };
/* End PBXFileReference section */

/* Begin PBXFrameworksBuildPhase section */
		6F29B4FA2003C78600B64D45 /* Frameworks */ = {
			isa = PBXFrameworksBuildPhase;
			buildActionMask = 2147483647;
			files = (
				3E15415C68D852DE772FAFE9 /* Pods_DBSwift.framework in Frameworks */,
			);
			runOnlyForDeploymentPostprocessing = 0;
		};
		6F29B50E2003C78700B64D45 /* Frameworks */ = {
			isa = PBXFrameworksBuildPhase;
			buildActionMask = 2147483647;
			files = (
			);
			runOnlyForDeploymentPostprocessing = 0;
		};
		6F29B5192003C78700B64D45 /* Frameworks */ = {
			isa = PBXFrameworksBuildPhase;
			buildActionMask = 2147483647;
			files = (
			);
			runOnlyForDeploymentPostprocessing = 0;
		};
/* End PBXFrameworksBuildPhase section */

/* Begin PBXGroup section */
		3168997D3D5F4CF83757A9BE /* Frameworks */ = {
			isa = PBXGroup;
			children = (
				2FDD607C553EA21F56BEFC23 /* Pods_DBSwift.framework */,
			);
			name = Frameworks;
			sourceTree = "<group>";
		};
		31ADBEB72D12C26C566E95C2 /* Pods */ = {
			isa = PBXGroup;
			children = (
				E524BAF0527E33E3F584EDEB /* Pods-DBSwift.debug.xcconfig */,
				CBA3E21ECBD6D33538765BEC /* Pods-DBSwift.release.xcconfig */,
			);
			name = Pods;
			sourceTree = "<group>";
		};
		6F29B4F42003C78600B64D45 = {
			isa = PBXGroup;
			children = (
				6F29B4FF2003C78600B64D45 /* DBSwift */,
				6F29B5142003C78700B64D45 /* DBSwiftTests */,
				6F29B51F2003C78700B64D45 /* DBSwiftUITests */,
				6F29B4FE2003C78600B64D45 /* Products */,
				31ADBEB72D12C26C566E95C2 /* Pods */,
				3168997D3D5F4CF83757A9BE /* Frameworks */,
			);
			sourceTree = "<group>";
		};
		6F29B4FE2003C78600B64D45 /* Products */ = {
			isa = PBXGroup;
			children = (
				6F29B4FD2003C78600B64D45 /* DBSwift.app */,
				6F29B5112003C78700B64D45 /* DBSwiftTests.xctest */,
				6F29B51C2003C78700B64D45 /* DBSwiftUITests.xctest */,
			);
			name = Products;
			sourceTree = "<group>";
		};
		6F29B4FF2003C78600B64D45 /* DBSwift */ = {
			isa = PBXGroup;
			children = (
				6F29B52E2003CB8000B64D45 /* Classes */,
				6F29B5002003C78600B64D45 /* AppDelegate.swift */,
				6F29B5072003C78600B64D45 /* Assets.xcassets */,
				6F29B5092003C78700B64D45 /* LaunchScreen.storyboard */,
				6F29B50C2003C78700B64D45 /* Info.plist */,
			);
			path = DBSwift;
			sourceTree = "<group>";
		};
		6F29B5142003C78700B64D45 /* DBSwiftTests */ = {
			isa = PBXGroup;
			children = (
				6F29B5152003C78700B64D45 /* DBSwiftTests.swift */,
				6F29B5172003C78700B64D45 /* Info.plist */,
			);
			path = DBSwiftTests;
			sourceTree = "<group>";
		};
		6F29B51F2003C78700B64D45 /* DBSwiftUITests */ = {
			isa = PBXGroup;
			children = (
				6F29B5202003C78700B64D45 /* DBSwiftUITests.swift */,
				6F29B5222003C78700B64D45 /* Info.plist */,
			);
			path = DBSwiftUITests;
			sourceTree = "<group>";
		};
		6F29B52E2003CB8000B64D45 /* Classes */ = {
			isa = PBXGroup;
			children = (
				6F29B5312003CB8000B64D45 /* Follow */,
				6F29B52F2003CB8000B64D45 /* Home */,
				6F29B5332003CB8000B64D45 /* Live */,
				6F29B5342003CB8000B64D45 /* Main */,
				6F29B5322003CB8000B64D45 /* Profile */,
				6F29B5302003CB8000B64D45 /* Tools */,
			);
			path = Classes;
			sourceTree = "<group>";
		};
		6F29B52F2003CB8000B64D45 /* Home */ = {
			isa = PBXGroup;
			children = (
				6FB6D1C42010F91D0069CCC8 /* ViewModels */,
				6FEDB1D9200D9C6600823566 /* Controllers */,
				6FEDB1D8200D9C6600823566 /* Models */,
				6FEDB1DA200D9C6600823566 /* Views */,
			);
			path = Home;
			sourceTree = "<group>";
		};
		6F29B5302003CB8000B64D45 /* Tools */ = {
			isa = PBXGroup;
			children = (
				6FEDB1DD200DA27B00823566 /* extensions */,
				6FEDB1E5200DB02000823566 /* Common.swift */,
				6FB6D1C22010F4270069CCC8 /* NetworkTools.swift */,
			);
			path = Tools;
			sourceTree = "<group>";
		};
		6F29B5312003CB8000B64D45 /* Follow */ = {
			isa = PBXGroup;
			children = (
			);
			path = Follow;
			sourceTree = "<group>";
		};
		6F29B5322003CB8000B64D45 /* Profile */ = {
			isa = PBXGroup;
			children = (
			);
			path = Profile;
			sourceTree = "<group>";
		};
		6F29B5332003CB8000B64D45 /* Live */ = {
			isa = PBXGroup;
			children = (
			);
			path = Live;
			sourceTree = "<group>";
		};
		6F29B5342003CB8000B64D45 /* Main */ = {
			isa = PBXGroup;
			children = (
				6FEDB1E0200DAC7500823566 /* Controllers */,
				6FEDB1E1200DAC7500823566 /* Models */,
				6FEDB1E2200DAC7500823566 /* Views */,
				6F29B53E2003D74200B64D45 /* Profile.storyboard */,
				6F29B53B2003D71A00B64D45 /* Follow.storyboard */,
				6F29B5382003D6E900B64D45 /* Live.storyboard */,
				6F29B5352003D67E00B64D45 /* Home.storyboard */,
				6F29B5042003C78600B64D45 /* Main.storyboard */,
			);
			path = Main;
			sourceTree = "<group>";
		};
		6FB6D1C42010F91D0069CCC8 /* ViewModels */ = {
			isa = PBXGroup;
			children = (
				6FB6D1C72010F9550069CCC8 /* RecommendViewModel.swift */,
			);
			path = ViewModels;
			sourceTree = "<group>";
		};
		6FEDB1D8200D9C6600823566 /* Models */ = {
			isa = PBXGroup;
			children = (
				6F9DB3C82011E93A00B8055D /* CycleModel.swift */,
			);
			path = Models;
			sourceTree = "<group>";
		};
		6FEDB1D9200D9C6600823566 /* Controllers */ = {
			isa = PBXGroup;
			children = (
				6FEDB1DB200D9C8900823566 /* HomeViewController.swift */,
				6FBE327B2010868900B90129 /* RecommendViewController.swift */,
			);
			path = Controllers;
			sourceTree = "<group>";
		};
		6FEDB1DA200D9C6600823566 /* Views */ = {
			isa = PBXGroup;
			children = (
				6FBE327D2010956500B90129 /* CollectionHeaderView.swift */,
				6FBE327E2010956500B90129 /* CollectionHeaderView.xib */,
				6F9DB3C22011DDDB00B8055D /* RecommendCycleView.swift */,
				6F9DB3C62011DE7700B8055D /* RecommendCycleView.xib */,
				6F9DB3CA2011EF1600B8055D /* CollectionCycleCell.swift */,
				6F9DB3CB2011EF1600B8055D /* CollectionCycleCell.xib */,
				6F9DB3CE2012034100B8055D /* RecommendGameView.swift */,
				6F9DB3D02012034F00B8055D /* RecommendGameView.xib */,
				6F9DB3D2201206B000B8055D /* CollectionGameCell.swift */,
				6F9DB3D3201206B000B8055D /* CollectionGameCell.xib */,
			);
			path = Views;
			sourceTree = "<group>";
		};
		6FEDB1DD200DA27B00823566 /* extensions */ = {
			isa = PBXGroup;
			children = (
				6FEDB1DE200DA2CD00823566 /* UIBarButtonItem-Extension.swift */,
				6F055155200E0C380077099E /* UIColor-Extensions.swift */,
				6FB6D1C9201100C80069CCC8 /* NSDate-Extensions.swift */,
			);
			path = extensions;
			sourceTree = "<group>";
		};
		6FEDB1E0200DAC7500823566 /* Controllers */ = {
			isa = PBXGroup;
			children = (
			);
			path = Controllers;
			sourceTree = "<group>";
		};
		6FEDB1E1200DAC7500823566 /* Models */ = {
			isa = PBXGroup;
			children = (
				6FB6D1CB201108680069CCC8 /* AnchorGroup.swift */,
				6FB6D1CD201108B20069CCC8 /* BaseGameModel.swift */,
				6FB6D1CF201108C80069CCC8 /* AnchorModel.swift */,
			);
			path = Models;
			sourceTree = "<group>";
		};
		6FEDB1E2200DAC7500823566 /* Views */ = {
			isa = PBXGroup;
			children = (
				6FEDB1E3200DACA600823566 /* PageTitleView.swift */,
				6F055153200E093A0077099E /* PageContentView.swift */,
				6FBE32812010993300B90129 /* CollectionNormalCell.swift */,
				6FBE32822010993300B90129 /* CollectionNormalCell.xib */,
				6FF2537D2010DA6800BEAB97 /* CollectionPrettyCell.swift */,
				6FF2537E2010DA6800BEAB97 /* CollectionPrettyCell.xib */,
			);
			path = Views;
			sourceTree = "<group>";
		};
/* End PBXGroup section */

/* Begin PBXNativeTarget section */
		6F29B4FC2003C78600B64D45 /* DBSwift */ = {
			isa = PBXNativeTarget;
			buildConfigurationList = 6F29B5252003C78700B64D45 /* Build configuration list for PBXNativeTarget "DBSwift" */;
			buildPhases = (
				BE22CFC4987E77499C0F1198 /* [CP] Check Pods Manifest.lock */,
				6F29B4F92003C78600B64D45 /* Sources */,
				6F29B4FA2003C78600B64D45 /* Frameworks */,
				6F29B4FB2003C78600B64D45 /* Resources */,
				D07087DE24421C4BE031667C /* [CP] Embed Pods Frameworks */,
				332EF523B4B6FF65ADA8AD0D /* [CP] Copy Pods Resources */,
			);
			buildRules = (
			);
			dependencies = (
			);
			name = DBSwift;
			productName = DBSwift;
			productReference = 6F29B4FD2003C78600B64D45 /* DBSwift.app */;
			productType = "com.apple.product-type.application";
		};
		6F29B5102003C78700B64D45 /* DBSwiftTests */ = {
			isa = PBXNativeTarget;
			buildConfigurationList = 6F29B5282003C78700B64D45 /* Build configuration list for PBXNativeTarget "DBSwiftTests" */;
			buildPhases = (
				6F29B50D2003C78700B64D45 /* Sources */,
				6F29B50E2003C78700B64D45 /* Frameworks */,
				6F29B50F2003C78700B64D45 /* Resources */,
			);
			buildRules = (
			);
			dependencies = (
				6F29B5132003C78700B64D45 /* PBXTargetDependency */,
			);
			name = DBSwiftTests;
			productName = DBSwiftTests;
			productReference = 6F29B5112003C78700B64D45 /* DBSwiftTests.xctest */;
			productType = "com.apple.product-type.bundle.unit-test";
		};
		6F29B51B2003C78700B64D45 /* DBSwiftUITests */ = {
			isa = PBXNativeTarget;
			buildConfigurationList = 6F29B52B2003C78700B64D45 /* Build configuration list for PBXNativeTarget "DBSwiftUITests" */;
			buildPhases = (
				6F29B5182003C78700B64D45 /* Sources */,
				6F29B5192003C78700B64D45 /* Frameworks */,
				6F29B51A2003C78700B64D45 /* Resources */,
			);
			buildRules = (
			);
			dependencies = (
				6F29B51E2003C78700B64D45 /* PBXTargetDependency */,
			);
			name = DBSwiftUITests;
			productName = DBSwiftUITests;
			productReference = 6F29B51C2003C78700B64D45 /* DBSwiftUITests.xctest */;
			productType = "com.apple.product-type.bundle.ui-testing";
		};
/* End PBXNativeTarget section */

/* Begin PBXProject section */
		6F29B4F52003C78600B64D45 /* Project object */ = {
			isa = PBXProject;
			attributes = {
				LastSwiftUpdateCheck = 0900;
				LastUpgradeCheck = 0900;
				ORGANIZATIONNAME = Young;
				TargetAttributes = {
					6F29B4FC2003C78600B64D45 = {
						CreatedOnToolsVersion = 9.0.1;
						ProvisioningStyle = Manual;
					};
					6F29B5102003C78700B64D45 = {
						CreatedOnToolsVersion = 9.0.1;
						ProvisioningStyle = Automatic;
						TestTargetID = 6F29B4FC2003C78600B64D45;
					};
					6F29B51B2003C78700B64D45 = {
						CreatedOnToolsVersion = 9.0.1;
						ProvisioningStyle = Automatic;
						TestTargetID = 6F29B4FC2003C78600B64D45;
					};
				};
			};
			buildConfigurationList = 6F29B4F82003C78600B64D45 /* Build configuration list for PBXProject "DBSwift" */;
			compatibilityVersion = "Xcode 8.0";
			developmentRegion = en;
			hasScannedForEncodings = 0;
			knownRegions = (
				en,
				Base,
			);
			mainGroup = 6F29B4F42003C78600B64D45;
			productRefGroup = 6F29B4FE2003C78600B64D45 /* Products */;
			projectDirPath = "";
			projectRoot = "";
			targets = (
				6F29B4FC2003C78600B64D45 /* DBSwift */,
				6F29B5102003C78700B64D45 /* DBSwiftTests */,
				6F29B51B2003C78700B64D45 /* DBSwiftUITests */,
			);
		};
/* End PBXProject section */

/* Begin PBXResourcesBuildPhase section */
		6F29B4FB2003C78600B64D45 /* Resources */ = {
			isa = PBXResourcesBuildPhase;
			buildActionMask = 2147483647;
			files = (
				6F29B50B2003C78700B64D45 /* LaunchScreen.storyboard in Resources */,
				6FBE32802010956500B90129 /* CollectionHeaderView.xib in Resources */,
				6FBE32842010993300B90129 /* CollectionNormalCell.xib in Resources */,
				6F29B5082003C78600B64D45 /* Assets.xcassets in Resources */,
				6F29B5062003C78600B64D45 /* Main.storyboard in Resources */,
				6F29B53A2003D6E900B64D45 /* Live.storyboard in Resources */,
				6F29B5372003D67E00B64D45 /* Home.storyboard in Resources */,
				6F9DB3D5201206B000B8055D /* CollectionGameCell.xib in Resources */,
				6F9DB3C72011DE7700B8055D /* RecommendCycleView.xib in Resources */,
				6F9DB3CD2011EF1600B8055D /* CollectionCycleCell.xib in Resources */,
				6FF253802010DA6800BEAB97 /* CollectionPrettyCell.xib in Resources */,
				6F29B5402003D74200B64D45 /* Profile.storyboard in Resources */,
				6F9DB3D12012034F00B8055D /* RecommendGameView.xib in Resources */,
				6F29B53D2003D71A00B64D45 /* Follow.storyboard in Resources */,
			);
			runOnlyForDeploymentPostprocessing = 0;
		};
		6F29B50F2003C78700B64D45 /* Resources */ = {
			isa = PBXResourcesBuildPhase;
			buildActionMask = 2147483647;
			files = (
			);
			runOnlyForDeploymentPostprocessing = 0;
		};
		6F29B51A2003C78700B64D45 /* Resources */ = {
			isa = PBXResourcesBuildPhase;
			buildActionMask = 2147483647;
			files = (
			);
			runOnlyForDeploymentPostprocessing = 0;
		};
/* End PBXResourcesBuildPhase section */

/* Begin PBXShellScriptBuildPhase section */
		332EF523B4B6FF65ADA8AD0D /* [CP] Copy Pods Resources */ = {
			isa = PBXShellScriptBuildPhase;
			buildActionMask = 2147483647;
			files = (
			);
			inputPaths = (
			);
			name = "[CP] Copy Pods Resources";
			outputPaths = (
			);
			runOnlyForDeploymentPostprocessing = 0;
			shellPath = /bin/sh;
			shellScript = "\"${SRCROOT}/Pods/Target Support Files/Pods-DBSwift/Pods-DBSwift-resources.sh\"\n";
			showEnvVarsInLog = 0;
		};
		BE22CFC4987E77499C0F1198 /* [CP] Check Pods Manifest.lock */ = {
			isa = PBXShellScriptBuildPhase;
			buildActionMask = 2147483647;
			files = (
			);
			inputPaths = (
				"${PODS_PODFILE_DIR_PATH}/Podfile.lock",
				"${PODS_ROOT}/Manifest.lock",
			);
			name = "[CP] Check Pods Manifest.lock";
			outputPaths = (
				"$(DERIVED_FILE_DIR)/Pods-DBSwift-checkManifestLockResult.txt",
			);
			runOnlyForDeploymentPostprocessing = 0;
			shellPath = /bin/sh;
			shellScript = "diff \"${PODS_PODFILE_DIR_PATH}/Podfile.lock\" \"${PODS_ROOT}/Manifest.lock\" > /dev/null\nif [ $? != 0 ] ; then\n    # print error to STDERR\n    echo \"error: The sandbox is not in sync with the Podfile.lock. Run 'pod install' or update your CocoaPods installation.\" >&2\n    exit 1\nfi\n# This output is used by Xcode 'outputs' to avoid re-running this script phase.\necho \"SUCCESS\" > \"${SCRIPT_OUTPUT_FILE_0}\"\n";
			showEnvVarsInLog = 0;
		};
		D07087DE24421C4BE031667C /* [CP] Embed Pods Frameworks */ = {
			isa = PBXShellScriptBuildPhase;
			buildActionMask = 2147483647;
			files = (
			);
			inputPaths = (
				"${SRCROOT}/Pods/Target Support Files/Pods-DBSwift/Pods-DBSwift-frameworks.sh",
				"${BUILT_PRODUCTS_DIR}/Alamofire/Alamofire.framework",
				"${BUILT_PRODUCTS_DIR}/HandyJSON/HandyJSON.framework",
				"${BUILT_PRODUCTS_DIR}/Kingfisher/Kingfisher.framework",
			);
			name = "[CP] Embed Pods Frameworks";
			outputPaths = (
				"${TARGET_BUILD_DIR}/${FRAMEWORKS_FOLDER_PATH}/Alamofire.framework",
				"${TARGET_BUILD_DIR}/${FRAMEWORKS_FOLDER_PATH}/HandyJSON.framework",
				"${TARGET_BUILD_DIR}/${FRAMEWORKS_FOLDER_PATH}/Kingfisher.framework",
			);
			runOnlyForDeploymentPostprocessing = 0;
			shellPath = /bin/sh;
			shellScript = "\"${SRCROOT}/Pods/Target Support Files/Pods-DBSwift/Pods-DBSwift-frameworks.sh\"\n";
			showEnvVarsInLog = 0;
		};
/* End PBXShellScriptBuildPhase section */

/* Begin PBXSourcesBuildPhase section */
		6F29B4F92003C78600B64D45 /* Sources */ = {
			isa = PBXSourcesBuildPhase;
			buildActionMask = 2147483647;
			files = (
				6FBE327F2010956500B90129 /* CollectionHeaderView.swift in Sources */,
				6FEDB1E4200DACA600823566 /* PageTitleView.swift in Sources */,
				6FBE327C2010868900B90129 /* RecommendViewController.swift in Sources */,
				6F055154200E093A0077099E /* PageContentView.swift in Sources */,
				6FB6D1CE201108B20069CCC8 /* BaseGameModel.swift in Sources */,
				6FBE32832010993300B90129 /* CollectionNormalCell.swift in Sources */,
				6FF2537F2010DA6800BEAB97 /* CollectionPrettyCell.swift in Sources */,
				6F29B5012003C78600B64D45 /* AppDelegate.swift in Sources */,
				6F9DB3C32011DDDB00B8055D /* RecommendCycleView.swift in Sources */,
				6FEDB1DC200D9C8900823566 /* HomeViewController.swift in Sources */,
				6FB6D1CA201100C80069CCC8 /* NSDate-Extensions.swift in Sources */,
				6FB6D1C32010F4270069CCC8 /* NetworkTools.swift in Sources */,
				6FEDB1E6200DB02000823566 /* Common.swift in Sources */,
				6F055156200E0C380077099E /* UIColor-Extensions.swift in Sources */,
				6F9DB3CF2012034100B8055D /* RecommendGameView.swift in Sources */,
				6F9DB3D4201206B000B8055D /* CollectionGameCell.swift in Sources */,
				6F9DB3C92011E93A00B8055D /* CycleModel.swift in Sources */,
				6FB6D1CC201108680069CCC8 /* AnchorGroup.swift in Sources */,
				6F9DB3CC2011EF1600B8055D /* CollectionCycleCell.swift in Sources */,
				6FEDB1DF200DA2CE00823566 /* UIBarButtonItem-Extension.swift in Sources */,
				6FB6D1C82010F9550069CCC8 /* RecommendViewModel.swift in Sources */,
				6FB6D1D0201108C80069CCC8 /* AnchorModel.swift in Sources */,
			);
			runOnlyForDeploymentPostprocessing = 0;
		};
		6F29B50D2003C78700B64D45 /* Sources */ = {
			isa = PBXSourcesBuildPhase;
			buildActionMask = 2147483647;
			files = (
				6F29B5162003C78700B64D45 /* DBSwiftTests.swift in Sources */,
			);
			runOnlyForDeploymentPostprocessing = 0;
		};
		6F29B5182003C78700B64D45 /* Sources */ = {
			isa = PBXSourcesBuildPhase;
			buildActionMask = 2147483647;
			files = (
				6F29B5212003C78700B64D45 /* DBSwiftUITests.swift in Sources */,
			);
			runOnlyForDeploymentPostprocessing = 0;
		};
/* End PBXSourcesBuildPhase section */

/* Begin PBXTargetDependency section */
		6F29B5132003C78700B64D45 /* PBXTargetDependency */ = {
			isa = PBXTargetDependency;
			target = 6F29B4FC2003C78600B64D45 /* DBSwift */;
			targetProxy = 6F29B5122003C78700B64D45 /* PBXContainerItemProxy */;
		};
		6F29B51E2003C78700B64D45 /* PBXTargetDependency */ = {
			isa = PBXTargetDependency;
			target = 6F29B4FC2003C78600B64D45 /* DBSwift */;
			targetProxy = 6F29B51D2003C78700B64D45 /* PBXContainerItemProxy */;
		};
/* End PBXTargetDependency section */

/* Begin PBXVariantGroup section */
		6F29B5042003C78600B64D45 /* Main.storyboard */ = {
			isa = PBXVariantGroup;
			children = (
				6F29B5052003C78600B64D45 /* Base */,
			);
			name = Main.storyboard;
			sourceTree = "<group>";
		};
		6F29B5092003C78700B64D45 /* LaunchScreen.storyboard */ = {
			isa = PBXVariantGroup;
			children = (
				6F29B50A2003C78700B64D45 /* Base */,
			);
			name = LaunchScreen.storyboard;
			sourceTree = "<group>";
		};
		6F29B5352003D67E00B64D45 /* Home.storyboard */ = {
			isa = PBXVariantGroup;
			children = (
				6F29B5362003D67E00B64D45 /* Base */,
			);
			name = Home.storyboard;
			sourceTree = "<group>";
		};
		6F29B5382003D6E900B64D45 /* Live.storyboard */ = {
			isa = PBXVariantGroup;
			children = (
				6F29B5392003D6E900B64D45 /* Base */,
			);
			name = Live.storyboard;
			sourceTree = "<group>";
		};
		6F29B53B2003D71A00B64D45 /* Follow.storyboard */ = {
			isa = PBXVariantGroup;
			children = (
				6F29B53C2003D71A00B64D45 /* Base */,
			);
			name = Follow.storyboard;
			sourceTree = "<group>";
		};
		6F29B53E2003D74200B64D45 /* Profile.storyboard */ = {
			isa = PBXVariantGroup;
			children = (
				6F29B53F2003D74200B64D45 /* Base */,
			);
			name = Profile.storyboard;
			sourceTree = "<group>";
		};
/* End PBXVariantGroup section */

/* Begin XCBuildConfiguration section */
		6F29B5232003C78700B64D45 /* Debug */ = {
			isa = XCBuildConfiguration;
			buildSettings = {
				ALWAYS_SEARCH_USER_PATHS = NO;
				CLANG_ANALYZER_NONNULL = YES;
				CLANG_ANALYZER_NUMBER_OBJECT_CONVERSION = YES_AGGRESSIVE;
				CLANG_CXX_LANGUAGE_STANDARD = "gnu++14";
				CLANG_CXX_LIBRARY = "libc++";
				CLANG_ENABLE_MODULES = YES;
				CLANG_ENABLE_OBJC_ARC = YES;
				CLANG_WARN_BLOCK_CAPTURE_AUTORELEASING = YES;
				CLANG_WARN_BOOL_CONVERSION = YES;
				CLANG_WARN_COMMA = YES;
				CLANG_WARN_CONSTANT_CONVERSION = YES;
				CLANG_WARN_DIRECT_OBJC_ISA_USAGE = YES_ERROR;
				CLANG_WARN_DOCUMENTATION_COMMENTS = YES;
				CLANG_WARN_EMPTY_BODY = YES;
				CLANG_WARN_ENUM_CONVERSION = YES;
				CLANG_WARN_INFINITE_RECURSION = YES;
				CLANG_WARN_INT_CONVERSION = YES;
				CLANG_WARN_NON_LITERAL_NULL_CONVERSION = YES;
				CLANG_WARN_OBJC_LITERAL_CONVERSION = YES;
				CLANG_WARN_OBJC_ROOT_CLASS = YES_ERROR;
				CLANG_WARN_RANGE_LOOP_ANALYSIS = YES;
				CLANG_WARN_STRICT_PROTOTYPES = YES;
				CLANG_WARN_SUSPICIOUS_MOVE = YES;
				CLANG_WARN_UNGUARDED_AVAILABILITY = YES_AGGRESSIVE;
				CLANG_WARN_UNREACHABLE_CODE = YES;
				CLANG_WARN__DUPLICATE_METHOD_MATCH = YES;
				CODE_SIGN_IDENTITY = "iPhone Developer";
				COPY_PHASE_STRIP = NO;
				DEBUG_INFORMATION_FORMAT = dwarf;
				ENABLE_STRICT_OBJC_MSGSEND = YES;
				ENABLE_TESTABILITY = YES;
				GCC_C_LANGUAGE_STANDARD = gnu11;
				GCC_DYNAMIC_NO_PIC = NO;
				GCC_NO_COMMON_BLOCKS = YES;
				GCC_OPTIMIZATION_LEVEL = 0;
				GCC_PREPROCESSOR_DEFINITIONS = (
					"DEBUG=1",
					"$(inherited)",
				);
				GCC_WARN_64_TO_32_BIT_CONVERSION = YES;
				GCC_WARN_ABOUT_RETURN_TYPE = YES_ERROR;
				GCC_WARN_UNDECLARED_SELECTOR = YES;
				GCC_WARN_UNINITIALIZED_AUTOS = YES_AGGRESSIVE;
				GCC_WARN_UNUSED_FUNCTION = YES;
				GCC_WARN_UNUSED_VARIABLE = YES;
				IPHONEOS_DEPLOYMENT_TARGET = 11.0;
				MTL_ENABLE_DEBUG_INFO = YES;
				ONLY_ACTIVE_ARCH = YES;
				SDKROOT = iphoneos;
				SWIFT_ACTIVE_COMPILATION_CONDITIONS = DEBUG;
				SWIFT_OPTIMIZATION_LEVEL = "-Onone";
			};
			name = Debug;
		};
		6F29B5242003C78700B64D45 /* Release */ = {
			isa = XCBuildConfiguration;
			buildSettings = {
				ALWAYS_SEARCH_USER_PATHS = NO;
				CLANG_ANALYZER_NONNULL = YES;
				CLANG_ANALYZER_NUMBER_OBJECT_CONVERSION = YES_AGGRESSIVE;
				CLANG_CXX_LANGUAGE_STANDARD = "gnu++14";
				CLANG_CXX_LIBRARY = "libc++";
				CLANG_ENABLE_MODULES = YES;
				CLANG_ENABLE_OBJC_ARC = YES;
				CLANG_WARN_BLOCK_CAPTURE_AUTORELEASING = YES;
				CLANG_WARN_BOOL_CONVERSION = YES;
				CLANG_WARN_COMMA = YES;
				CLANG_WARN_CONSTANT_CONVERSION = YES;
				CLANG_WARN_DIRECT_OBJC_ISA_USAGE = YES_ERROR;
				CLANG_WARN_DOCUMENTATION_COMMENTS = YES;
				CLANG_WARN_EMPTY_BODY = YES;
				CLANG_WARN_ENUM_CONVERSION = YES;
				CLANG_WARN_INFINITE_RECURSION = YES;
				CLANG_WARN_INT_CONVERSION = YES;
				CLANG_WARN_NON_LITERAL_NULL_CONVERSION = YES;
				CLANG_WARN_OBJC_LITERAL_CONVERSION = YES;
				CLANG_WARN_OBJC_ROOT_CLASS = YES_ERROR;
				CLANG_WARN_RANGE_LOOP_ANALYSIS = YES;
				CLANG_WARN_STRICT_PROTOTYPES = YES;
				CLANG_WARN_SUSPICIOUS_MOVE = YES;
				CLANG_WARN_UNGUARDED_AVAILABILITY = YES_AGGRESSIVE;
				CLANG_WARN_UNREACHABLE_CODE = YES;
				CLANG_WARN__DUPLICATE_METHOD_MATCH = YES;
				CODE_SIGN_IDENTITY = "iPhone Developer";
				COPY_PHASE_STRIP = NO;
				DEBUG_INFORMATION_FORMAT = "dwarf-with-dsym";
				ENABLE_NS_ASSERTIONS = NO;
				ENABLE_STRICT_OBJC_MSGSEND = YES;
				GCC_C_LANGUAGE_STANDARD = gnu11;
				GCC_NO_COMMON_BLOCKS = YES;
				GCC_WARN_64_TO_32_BIT_CONVERSION = YES;
				GCC_WARN_ABOUT_RETURN_TYPE = YES_ERROR;
				GCC_WARN_UNDECLARED_SELECTOR = YES;
				GCC_WARN_UNINITIALIZED_AUTOS = YES_AGGRESSIVE;
				GCC_WARN_UNUSED_FUNCTION = YES;
				GCC_WARN_UNUSED_VARIABLE = YES;
				IPHONEOS_DEPLOYMENT_TARGET = 11.0;
				MTL_ENABLE_DEBUG_INFO = NO;
				SDKROOT = iphoneos;
				SWIFT_OPTIMIZATION_LEVEL = "-Owholemodule";
				VALIDATE_PRODUCT = YES;
			};
			name = Release;
		};
		6F29B5262003C78700B64D45 /* Debug */ = {
			isa = XCBuildConfiguration;
			baseConfigurationReference = E524BAF0527E33E3F584EDEB /* Pods-DBSwift.debug.xcconfig */;
			buildSettings = {
				ASSETCATALOG_COMPILER_APPICON_NAME = AppIcon;
				CODE_SIGN_STYLE = Manual;
				DEVELOPMENT_TEAM = "";
				INFOPLIST_FILE = DBSwift/Info.plist;
				IPHONEOS_DEPLOYMENT_TARGET = 9.0;
				LD_RUNPATH_SEARCH_PATHS = "$(inherited) @executable_path/Frameworks";
				PRODUCT_BUNDLE_IDENTIFIER = com.leeyoung.dbswift.DBSwift;
				PRODUCT_NAME = "$(TARGET_NAME)";
				PROVISIONING_PROFILE_SPECIFIER = "";
				SWIFT_VERSION = 4.0;
				TARGETED_DEVICE_FAMILY = 1;
			};
			name = Debug;
		};
		6F29B5272003C78700B64D45 /* Release */ = {
			isa = XCBuildConfiguration;
			baseConfigurationReference = CBA3E21ECBD6D33538765BEC /* Pods-DBSwift.release.xcconfig */;
			buildSettings = {
				ASSETCATALOG_COMPILER_APPICON_NAME = AppIcon;
				CODE_SIGN_STYLE = Manual;
				DEVELOPMENT_TEAM = "";
				INFOPLIST_FILE = DBSwift/Info.plist;
				IPHONEOS_DEPLOYMENT_TARGET = 9.0;
				LD_RUNPATH_SEARCH_PATHS = "$(inherited) @executable_path/Frameworks";
				PRODUCT_BUNDLE_IDENTIFIER = com.leeyoung.dbswift.DBSwift;
				PRODUCT_NAME = "$(TARGET_NAME)";
				PROVISIONING_PROFILE_SPECIFIER = "";
				SWIFT_VERSION = 4.0;
				TARGETED_DEVICE_FAMILY = 1;
			};
			name = Release;
		};
		6F29B5292003C78700B64D45 /* Debug */ = {
			isa = XCBuildConfiguration;
			buildSettings = {
				ALWAYS_EMBED_SWIFT_STANDARD_LIBRARIES = YES;
				BUNDLE_LOADER = "$(TEST_HOST)";
				CODE_SIGN_STYLE = Automatic;
				INFOPLIST_FILE = DBSwiftTests/Info.plist;
				LD_RUNPATH_SEARCH_PATHS = "$(inherited) @executable_path/Frameworks @loader_path/Frameworks";
				PRODUCT_BUNDLE_IDENTIFIER = com.leeyoung.dbswift.DBSwiftTests;
				PRODUCT_NAME = "$(TARGET_NAME)";
				SWIFT_VERSION = 4.0;
				TARGETED_DEVICE_FAMILY = "1,2";
				TEST_HOST = "$(BUILT_PRODUCTS_DIR)/DBSwift.app/DBSwift";
			};
			name = Debug;
		};
		6F29B52A2003C78700B64D45 /* Release */ = {
			isa = XCBuildConfiguration;
			buildSettings = {
				ALWAYS_EMBED_SWIFT_STANDARD_LIBRARIES = YES;
				BUNDLE_LOADER = "$(TEST_HOST)";
				CODE_SIGN_STYLE = Automatic;
				INFOPLIST_FILE = DBSwiftTests/Info.plist;
				LD_RUNPATH_SEARCH_PATHS = "$(inherited) @executable_path/Frameworks @loader_path/Frameworks";
				PRODUCT_BUNDLE_IDENTIFIER = com.leeyoung.dbswift.DBSwiftTests;
				PRODUCT_NAME = "$(TARGET_NAME)";
				SWIFT_VERSION = 4.0;
				TARGETED_DEVICE_FAMILY = "1,2";
				TEST_HOST = "$(BUILT_PRODUCTS_DIR)/DBSwift.app/DBSwift";
			};
			name = Release;
		};
		6F29B52C2003C78700B64D45 /* Debug */ = {
			isa = XCBuildConfiguration;
			buildSettings = {
				ALWAYS_EMBED_SWIFT_STANDARD_LIBRARIES = YES;
				CODE_SIGN_STYLE = Automatic;
				INFOPLIST_FILE = DBSwiftUITests/Info.plist;
				LD_RUNPATH_SEARCH_PATHS = "$(inherited) @executable_path/Frameworks @loader_path/Frameworks";
				PRODUCT_BUNDLE_IDENTIFIER = com.leeyoung.dbswift.DBSwiftUITests;
				PRODUCT_NAME = "$(TARGET_NAME)";
				SWIFT_VERSION = 4.0;
				TARGETED_DEVICE_FAMILY = "1,2";
				TEST_TARGET_NAME = DBSwift;
			};
			name = Debug;
		};
		6F29B52D2003C78700B64D45 /* Release */ = {
			isa = XCBuildConfiguration;
			buildSettings = {
				ALWAYS_EMBED_SWIFT_STANDARD_LIBRARIES = YES;
				CODE_SIGN_STYLE = Automatic;
				INFOPLIST_FILE = DBSwiftUITests/Info.plist;
				LD_RUNPATH_SEARCH_PATHS = "$(inherited) @executable_path/Frameworks @loader_path/Frameworks";
				PRODUCT_BUNDLE_IDENTIFIER = com.leeyoung.dbswift.DBSwiftUITests;
				PRODUCT_NAME = "$(TARGET_NAME)";
				SWIFT_VERSION = 4.0;
				TARGETED_DEVICE_FAMILY = "1,2";
				TEST_TARGET_NAME = DBSwift;
			};
			name = Release;
		};
/* End XCBuildConfiguration section */

/* Begin XCConfigurationList section */
		6F29B4F82003C78600B64D45 /* Build configuration list for PBXProject "DBSwift" */ = {
			isa = XCConfigurationList;
			buildConfigurations = (
				6F29B5232003C78700B64D45 /* Debug */,
				6F29B5242003C78700B64D45 /* Release */,
			);
			defaultConfigurationIsVisible = 0;
			defaultConfigurationName = Release;
		};
		6F29B5252003C78700B64D45 /* Build configuration list for PBXNativeTarget "DBSwift" */ = {
			isa = XCConfigurationList;
			buildConfigurations = (
				6F29B5262003C78700B64D45 /* Debug */,
				6F29B5272003C78700B64D45 /* Release */,
			);
			defaultConfigurationIsVisible = 0;
			defaultConfigurationName = Release;
		};
		6F29B5282003C78700B64D45 /* Build configuration list for PBXNativeTarget "DBSwiftTests" */ = {
			isa = XCConfigurationList;
			buildConfigurations = (
				6F29B5292003C78700B64D45 /* Debug */,
				6F29B52A2003C78700B64D45 /* Release */,
			);
			defaultConfigurationIsVisible = 0;
			defaultConfigurationName = Release;
		};
		6F29B52B2003C78700B64D45 /* Build configuration list for PBXNativeTarget "DBSwiftUITests" */ = {
			isa = XCConfigurationList;
			buildConfigurations = (
				6F29B52C2003C78700B64D45 /* Debug */,
				6F29B52D2003C78700B64D45 /* Release */,
			);
			defaultConfigurationIsVisible = 0;
			defaultConfigurationName = Release;
		};
/* End XCConfigurationList section */
	};
	rootObject = 6F29B4F52003C78600B64D45 /* Project object */;
}
